appdirs==1.4.0
certifi==2017.1.23
contextlib2==0.5.4
dj-database-url==0.3.0
Django==1.9.12
django-appconf==1.0.2
-e git+https://github.com/sunlightlabs/django-locksmith.git@a124d364e6306785b59c606ecf262814c32cf04b#egg=django_locksmith
DjangoRestless==0.0.10
elasticsearch==1.9.0
gunicorn==19.6.0
-e git+https://github.com/opencivicdata/imago@b0cc9379eec02358e25e075b006e6682f9c5fb10#egg=imago
jsonfield==0.9.23
opencivicdata-divisions==2015.4.21
-e git+https://github.com/opencivicdata/python-opencivicdata-django@40b537ba1e010618c28e76485ac18afdc3ce9998#egg=opencivicdata_django
packaging==16.8
psycopg2==2.6.2
-e git+https://github.com/opencivicdata/pupa.git@7055fa20825c4988bf18c9dc516fd8e700a43b28#egg=pupa
pyelasticsearch==1.4
pyparsing==2.1.10
pyshp==1.2.10
pytz==2016.10
raven==5.32.0
-e git+https://github.com/opennorth/represent-boundaries.git@bfcb535c9eae9a6484c9236ece6b4bba4a3fe2bc#egg=represent_boundaries
requests==2.13.0
scrapelib==1.0.0
simplejson==3.10.0
six==1.10.0
urllib3==1.20
validictory==1.1.0
-e git+https://github.com/sunlightlabs/waterfall.git@974bebca43c185433b7116812fb15a1337cb4d25#egg=waterfall
