certifi==2016.2.28
contextlib2==0.5.1
dj-database-url==0.4.0
Django==1.9.4
django-appconf==1.0.1
-e git+https://github.com/sunlightlabs/django-locksmith.git@a124d364e6306785b59c606ecf262814c32cf04b#egg=django_locksmith-origin_python3
DjangoRestless==0.0.10
elasticsearch==1.9.0
gunicorn==19.4.5
-e git+https://github.com/opencivicdata/imago@d36c2c5b60450e36b5c477cce535456ba50a956f#egg=imago-master
jsonfield==0.9.23
opencivicdata-divisions==2015.4.21
opencivicdata-django==0.8.2
psycopg2==2.6.1
-e git+https://github.com/opencivicdata/pupa.git@c7064896cd7ce2ed300a0363b60082f0857a25b2#egg=pupa-master
pyelasticsearch==1.4
pyshp==1.2.3
pytz==2015.7
raven==5.11.1
-e git+https://github.com/opennorth/represent-boundaries.git@a9ff987505c27d6bb622d234243531fb09ac407e#egg=represent_boundaries-0.7.5
requests==2.9.1
scrapelib==1.0.0
simplejson==3.8.2
six==1.10.0
urllib3==1.14
validictory==1.0.1
-e git+https://github.com/sunlightlabs/waterfall.git@974bebca43c185433b7116812fb15a1337cb4d25#egg=waterfall-master
wheel==0.24.0
